
Microsoft Visual Studio Solution File, Format Version 12.00
# Visual Studio Version 16
VisualStudioVersion = 16.0.31005.135
MinimumVisualStudioVersion = 10.0.40219.1
Project("{FAE04EC0-301F-11D3-BF4B-00C04F79EFBC}") = "LMSWeb", "LMSWeb\LMSWeb.csproj", "{89059E37-C025-4B62-814F-3A2A52FECA59}"
EndProject
Project("{FAE04EC0-301F-11D3-BF4B-00C04F79EFBC}") = "LMSApi", "LMSApi\LMSApi.csproj", "{BE49A663-69DF-4CAA-9334-FE93EDC93745}"
EndProject
Project("{FAE04EC0-301F-11D3-BF4B-00C04F79EFBC}") = "LMSService", "LMSService\LMSService.csproj", "{31EE8997-7770-4DA7-8A09-6ED341B2C712}"
EndProject
Global
	GlobalSection(SolutionConfigurationPlatforms) = preSolution
		Debug|Any CPU = Debug|Any CPU
		Release|Any CPU = Release|Any CPU
	EndGlobalSection
	GlobalSection(ProjectConfigurationPlatforms) = postSolution
		{89059E37-C025-4B62-814F-3A2A52FECA59}.Debug|Any CPU.ActiveCfg = Debug|Any CPU
		{89059E37-C025-4B62-814F-3A2A52FECA59}.Debug|Any CPU.Build.0 = Debug|Any CPU
		{89059E37-C025-4B62-814F-3A2A52FECA59}.Release|Any CPU.ActiveCfg = Release|Any CPU
		{89059E37-C025-4B62-814F-3A2A52FECA59}.Release|Any CPU.Build.0 = Release|Any CPU
		{BE49A663-69DF-4CAA-9334-FE93EDC93745}.Debug|Any CPU.ActiveCfg = Debug|Any CPU
		{BE49A663-69DF-4CAA-9334-FE93EDC93745}.Debug|Any CPU.Build.0 = Debug|Any CPU
		{BE49A663-69DF-4CAA-9334-FE93EDC93745}.Release|Any CPU.ActiveCfg = Release|Any CPU
		{BE49A663-69DF-4CAA-9334-FE93EDC93745}.Release|Any CPU.Build.0 = Release|Any CPU
		{31EE8997-7770-4DA7-8A09-6ED341B2C712}.Debug|Any CPU.ActiveCfg = Debug|Any CPU
		{31EE8997-7770-4DA7-8A09-6ED341B2C712}.Debug|Any CPU.Build.0 = Debug|Any CPU
		{31EE8997-7770-4DA7-8A09-6ED341B2C712}.Release|Any CPU.ActiveCfg = Release|Any CPU
		{31EE8997-7770-4DA7-8A09-6ED341B2C712}.Release|Any CPU.Build.0 = Release|Any CPU
	EndGlobalSection
	GlobalSection(SolutionProperties) = preSolution
		HideSolutionNode = FALSE
	EndGlobalSection
	GlobalSection(ExtensibilityGlobals) = postSolution
		SolutionGuid = {7EB7B49C-F5A9-48F1-BF82-3E59C9AD0876}
	EndGlobalSection
EndGlobal
